
Microsoft Visual Studio Solution File, Format Version 12.00
# Visual Studio 15
VisualStudioVersion = 15.0.28307.421
MinimumVisualStudioVersion = 10.0.40219.1
Project("{9A19103F-16F7-4668-BE54-9A1E7A4F7556}") = "ActiveMQLambda", "ActiveMQLambda\ActiveMQLambda.csproj", "{554432A1-FF72-49AB-A0B8-DCEE5D57EFD3}"
EndProject
Global
	GlobalSection(SolutionConfigurationPlatforms) = preSolution
		Debug|Any CPU = Debug|Any CPU
		Release|Any CPU = Release|Any CPU
	EndGlobalSection
	GlobalSection(ProjectConfigurationPlatforms) = postSolution
		{554432A1-FF72-49AB-A0B8-DCEE5D57EFD3}.Debug|Any CPU.ActiveCfg = Debug|Any CPU
		{554432A1-FF72-49AB-A0B8-DCEE5D57EFD3}.Debug|Any CPU.Build.0 = Debug|Any CPU
		{554432A1-FF72-49AB-A0B8-DCEE5D57EFD3}.Release|Any CPU.ActiveCfg = Release|Any CPU
		{554432A1-FF72-49AB-A0B8-DCEE5D57EFD3}.Release|Any CPU.Build.0 = Release|Any CPU
	EndGlobalSection
	GlobalSection(SolutionProperties) = preSolution
		HideSolutionNode = FALSE
	EndGlobalSection
	GlobalSection(ExtensibilityGlobals) = postSolution
		SolutionGuid = {47900F37-9C1B-4C55-B920-72E3183E50B5}
	EndGlobalSection
EndGlobal
