
Microsoft Visual Studio Solution File, Format Version 12.00
# Visual Studio 15
VisualStudioVersion = 15.0.28307.136
MinimumVisualStudioVersion = 10.0.40219.1
Project("{FAE04EC0-301F-11D3-BF4B-00C04F79EFBC}") = "ApixuCoreLibrary", "ApixuCoreLibrary\ApixuCoreLibrary.csproj", "{F524202E-D315-4468-AA62-A31F879C86DC}"
EndProject
Global
	GlobalSection(SolutionConfigurationPlatforms) = preSolution
		Debug|Any CPU = Debug|Any CPU
		Release|Any CPU = Release|Any CPU
	EndGlobalSection
	GlobalSection(ProjectConfigurationPlatforms) = postSolution
		{F524202E-D315-4468-AA62-A31F879C86DC}.Debug|Any CPU.ActiveCfg = Debug|Any CPU
		{F524202E-D315-4468-AA62-A31F879C86DC}.Debug|Any CPU.Build.0 = Debug|Any CPU
		{F524202E-D315-4468-AA62-A31F879C86DC}.Release|Any CPU.ActiveCfg = Release|Any CPU
		{F524202E-D315-4468-AA62-A31F879C86DC}.Release|Any CPU.Build.0 = Release|Any CPU
	EndGlobalSection
	GlobalSection(SolutionProperties) = preSolution
		HideSolutionNode = FALSE
	EndGlobalSection
	GlobalSection(ExtensibilityGlobals) = postSolution
		SolutionGuid = {0E5824AA-6C5D-49AA-8CAE-1B826E42771C}
	EndGlobalSection
EndGlobal
